// !$*UTF8*$!
{
	archiveVersion = 1;
	classes = {
	};
	objectVersion = 77;
	objects = {

/* Begin PBXBuildFile section */
		734BE1E82CAC729D000A14C1 /* Networking in Frameworks */ = {isa = PBXBuildFile; productRef = 734BE1E72CAC729D000A14C1 /* Networking */; };
		734BE1F02CAC7890000A14C1 /* Factory in Frameworks */ = {isa = PBXBuildFile; productRef = 734BE1EF2CAC7890000A14C1 /* Factory */; };
/* End PBXBuildFile section */

/* Begin PBXContainerItemProxy section */
		734BE1AA2CAC6868000A14C1 /* PBXContainerItemProxy */ = {
			isa = PBXContainerItemProxy;
			containerPortal = 734BE1902CAC6865000A14C1 /* Project object */;
			proxyType = 1;
			remoteGlobalIDString = 734BE1972CAC6865000A14C1;
			remoteInfo = RecipeViewer;
		};
		734BE1B42CAC6868000A14C1 /* PBXContainerItemProxy */ = {
			isa = PBXContainerItemProxy;
			containerPortal = 734BE1902CAC6865000A14C1 /* Project object */;
			proxyType = 1;
			remoteGlobalIDString = 734BE1972CAC6865000A14C1;
			remoteInfo = RecipeViewer;
		};
/* End PBXContainerItemProxy section */

/* Begin PBXFileReference section */
		734BE1982CAC6865000A14C1 /* RecipeViewer.app */ = {isa = PBXFileReference; explicitFileType = wrapper.application; includeInIndex = 0; path = RecipeViewer.app; sourceTree = BUILT_PRODUCTS_DIR; };
		734BE1A92CAC6868000A14C1 /* RecipeViewerTests.xctest */ = {isa = PBXFileReference; explicitFileType = wrapper.cfbundle; includeInIndex = 0; path = RecipeViewerTests.xctest; sourceTree = BUILT_PRODUCTS_DIR; };
		734BE1B32CAC6868000A14C1 /* RecipeViewerUITests.xctest */ = {isa = PBXFileReference; explicitFileType = wrapper.cfbundle; includeInIndex = 0; path = RecipeViewerUITests.xctest; sourceTree = BUILT_PRODUCTS_DIR; };
		734BE1CC2CAC69B8000A14C1 /* Networking */ = {isa = PBXFileReference; lastKnownFileType = wrapper; path = Networking; sourceTree = "<group>"; };
/* End PBXFileReference section */

/* Begin PBXFileSystemSynchronizedRootGroup section */
		734BE19A2CAC6865000A14C1 /* RecipeViewer */ = {
			isa = PBXFileSystemSynchronizedRootGroup;
			path = RecipeViewer;
			sourceTree = "<group>";
		};
		734BE1AC2CAC6868000A14C1 /* RecipeViewerTests */ = {
			isa = PBXFileSystemSynchronizedRootGroup;
			path = RecipeViewerTests;
			sourceTree = "<group>";
		};
		734BE1B62CAC6868000A14C1 /* RecipeViewerUITests */ = {
			isa = PBXFileSystemSynchronizedRootGroup;
			path = RecipeViewerUITests;
			sourceTree = "<group>";
		};
/* End PBXFileSystemSynchronizedRootGroup section */

/* Begin PBXFrameworksBuildPhase section */
		734BE1952CAC6865000A14C1 /* Frameworks */ = {
			isa = PBXFrameworksBuildPhase;
			buildActionMask = 2147483647;
			files = (
				734BE1E82CAC729D000A14C1 /* Networking in Frameworks */,
				734BE1F02CAC7890000A14C1 /* Factory in Frameworks */,
			);
			runOnlyForDeploymentPostprocessing = 0;
		};
		734BE1A62CAC6868000A14C1 /* Frameworks */ = {
			isa = PBXFrameworksBuildPhase;
			buildActionMask = 2147483647;
			files = (
			);
			runOnlyForDeploymentPostprocessing = 0;
		};
		734BE1B02CAC6868000A14C1 /* Frameworks */ = {
			isa = PBXFrameworksBuildPhase;
			buildActionMask = 2147483647;
			files = (
			);
			runOnlyForDeploymentPostprocessing = 0;
		};
/* End PBXFrameworksBuildPhase section */

/* Begin PBXGroup section */
		734BE18F2CAC6865000A14C1 = {
			isa = PBXGroup;
			children = (
				734BE19A2CAC6865000A14C1 /* RecipeViewer */,
				734BE1AC2CAC6868000A14C1 /* RecipeViewerTests */,
				734BE1B62CAC6868000A14C1 /* RecipeViewerUITests */,
				734BE1CD2CAC69B8000A14C1 /* Modules */,
				734BE1E42CAC7287000A14C1 /* Frameworks */,
				734BE1992CAC6865000A14C1 /* Products */,
			);
			sourceTree = "<group>";
		};
		734BE1992CAC6865000A14C1 /* Products */ = {
			isa = PBXGroup;
			children = (
				734BE1982CAC6865000A14C1 /* RecipeViewer.app */,
				734BE1A92CAC6868000A14C1 /* RecipeViewerTests.xctest */,
				734BE1B32CAC6868000A14C1 /* RecipeViewerUITests.xctest */,
			);
			name = Products;
			sourceTree = "<group>";
		};
		734BE1CD2CAC69B8000A14C1 /* Modules */ = {
			isa = PBXGroup;
			children = (
				734BE1CC2CAC69B8000A14C1 /* Networking */,
			);
			path = Modules;
			sourceTree = "<group>";
		};
		734BE1E42CAC7287000A14C1 /* Frameworks */ = {
			isa = PBXGroup;
			children = (
			);
			name = Frameworks;
			sourceTree = "<group>";
		};
/* End PBXGroup section */

/* Begin PBXNativeTarget section */
		734BE1972CAC6865000A14C1 /* RecipeViewer */ = {
			isa = PBXNativeTarget;
			buildConfigurationList = 734BE1BD2CAC6868000A14C1 /* Build configuration list for PBXNativeTarget "RecipeViewer" */;
			buildPhases = (
				734BE1942CAC6865000A14C1 /* Sources */,
				734BE1952CAC6865000A14C1 /* Frameworks */,
				734BE1962CAC6865000A14C1 /* Resources */,
			);
			buildRules = (
			);
			dependencies = (
			);
			fileSystemSynchronizedGroups = (
				734BE19A2CAC6865000A14C1 /* RecipeViewer */,
			);
			name = RecipeViewer;
			packageProductDependencies = (
				734BE1E72CAC729D000A14C1 /* Networking */,
				734BE1EF2CAC7890000A14C1 /* Factory */,
			);
			productName = RecipeViewer;
			productReference = 734BE1982CAC6865000A14C1 /* RecipeViewer.app */;
			productType = "com.apple.product-type.application";
		};
		734BE1A82CAC6868000A14C1 /* RecipeViewerTests */ = {
			isa = PBXNativeTarget;
			buildConfigurationList = 734BE1C02CAC6868000A14C1 /* Build configuration list for PBXNativeTarget "RecipeViewerTests" */;
			buildPhases = (
				734BE1A52CAC6868000A14C1 /* Sources */,
				734BE1A62CAC6868000A14C1 /* Frameworks */,
				734BE1A72CAC6868000A14C1 /* Resources */,
			);
			buildRules = (
			);
			dependencies = (
				734BE1AB2CAC6868000A14C1 /* PBXTargetDependency */,
			);
			fileSystemSynchronizedGroups = (
				734BE1AC2CAC6868000A14C1 /* RecipeViewerTests */,
			);
			name = RecipeViewerTests;
			packageProductDependencies = (
			);
			productName = RecipeViewerTests;
			productReference = 734BE1A92CAC6868000A14C1 /* RecipeViewerTests.xctest */;
			productType = "com.apple.product-type.bundle.unit-test";
		};
		734BE1B22CAC6868000A14C1 /* RecipeViewerUITests */ = {
			isa = PBXNativeTarget;
			buildConfigurationList = 734BE1C32CAC6868000A14C1 /* Build configuration list for PBXNativeTarget "RecipeViewerUITests" */;
			buildPhases = (
				734BE1AF2CAC6868000A14C1 /* Sources */,
				734BE1B02CAC6868000A14C1 /* Frameworks */,
				734BE1B12CAC6868000A14C1 /* Resources */,
			);
			buildRules = (
			);
			dependencies = (
				734BE1B52CAC6868000A14C1 /* PBXTargetDependency */,
			);
			fileSystemSynchronizedGroups = (
				734BE1B62CAC6868000A14C1 /* RecipeViewerUITests */,
			);
			name = RecipeViewerUITests;
			packageProductDependencies = (
			);
			productName = RecipeViewerUITests;
			productReference = 734BE1B32CAC6868000A14C1 /* RecipeViewerUITests.xctest */;
			productType = "com.apple.product-type.bundle.ui-testing";
		};
/* End PBXNativeTarget section */

/* Begin PBXProject section */
		734BE1902CAC6865000A14C1 /* Project object */ = {
			isa = PBXProject;
			attributes = {
				BuildIndependentTargetsInParallel = 1;
				LastSwiftUpdateCheck = 1600;
				LastUpgradeCheck = 1600;
				TargetAttributes = {
					734BE1972CAC6865000A14C1 = {
						CreatedOnToolsVersion = 16.0;
					};
					734BE1A82CAC6868000A14C1 = {
						CreatedOnToolsVersion = 16.0;
						TestTargetID = 734BE1972CAC6865000A14C1;
					};
					734BE1B22CAC6868000A14C1 = {
						CreatedOnToolsVersion = 16.0;
						TestTargetID = 734BE1972CAC6865000A14C1;
					};
				};
			};
			buildConfigurationList = 734BE1932CAC6865000A14C1 /* Build configuration list for PBXProject "RecipeViewer" */;
			developmentRegion = en;
			hasScannedForEncodings = 0;
			knownRegions = (
				en,
				Base,
			);
			mainGroup = 734BE18F2CAC6865000A14C1;
			minimizedProjectReferenceProxies = 1;
			packageReferences = (
				734BE1EE2CAC7890000A14C1 /* XCRemoteSwiftPackageReference "Factory" */,
			);
			preferredProjectObjectVersion = 77;
			productRefGroup = 734BE1992CAC6865000A14C1 /* Products */;
			projectDirPath = "";
			projectRoot = "";
			targets = (
				734BE1972CAC6865000A14C1 /* RecipeViewer */,
				734BE1A82CAC6868000A14C1 /* RecipeViewerTests */,
				734BE1B22CAC6868000A14C1 /* RecipeViewerUITests */,
			);
		};
/* End PBXProject section */

/* Begin PBXResourcesBuildPhase section */
		734BE1962CAC6865000A14C1 /* Resources */ = {
			isa = PBXResourcesBuildPhase;
			buildActionMask = 2147483647;
			files = (
			);
			runOnlyForDeploymentPostprocessing = 0;
		};
		734BE1A72CAC6868000A14C1 /* Resources */ = {
			isa = PBXResourcesBuildPhase;
			buildActionMask = 2147483647;
			files = (
			);
			runOnlyForDeploymentPostprocessing = 0;
		};
		734BE1B12CAC6868000A14C1 /* Resources */ = {
			isa = PBXResourcesBuildPhase;
			buildActionMask = 2147483647;
			files = (
			);
			runOnlyForDeploymentPostprocessing = 0;
		};
/* End PBXResourcesBuildPhase section */

/* Begin PBXSourcesBuildPhase section */
		734BE1942CAC6865000A14C1 /* Sources */ = {
			isa = PBXSourcesBuildPhase;
			buildActionMask = 2147483647;
			files = (
			);
			runOnlyForDeploymentPostprocessing = 0;
		};
		734BE1A52CAC6868000A14C1 /* Sources */ = {
			isa = PBXSourcesBuildPhase;
			buildActionMask = 2147483647;
			files = (
			);
			runOnlyForDeploymentPostprocessing = 0;
		};
		734BE1AF2CAC6868000A14C1 /* Sources */ = {
			isa = PBXSourcesBuildPhase;
			buildActionMask = 2147483647;
			files = (
			);
			runOnlyForDeploymentPostprocessing = 0;
		};
/* End PBXSourcesBuildPhase section */

/* Begin PBXTargetDependency section */
		734BE1AB2CAC6868000A14C1 /* PBXTargetDependency */ = {
			isa = PBXTargetDependency;
			target = 734BE1972CAC6865000A14C1 /* RecipeViewer */;
			targetProxy = 734BE1AA2CAC6868000A14C1 /* PBXContainerItemProxy */;
		};
		734BE1B52CAC6868000A14C1 /* PBXTargetDependency */ = {
			isa = PBXTargetDependency;
			target = 734BE1972CAC6865000A14C1 /* RecipeViewer */;
			targetProxy = 734BE1B42CAC6868000A14C1 /* PBXContainerItemProxy */;
		};
/* End PBXTargetDependency section */

/* Begin XCBuildConfiguration section */
		734BE1BB2CAC6868000A14C1 /* Debug */ = {
			isa = XCBuildConfiguration;
			buildSettings = {
				ALWAYS_SEARCH_USER_PATHS = NO;
				ASSETCATALOG_COMPILER_GENERATE_SWIFT_ASSET_SYMBOL_EXTENSIONS = YES;
				CLANG_ANALYZER_NONNULL = YES;
				CLANG_ANALYZER_NUMBER_OBJECT_CONVERSION = YES_AGGRESSIVE;
				CLANG_CXX_LANGUAGE_STANDARD = "gnu++20";
				CLANG_ENABLE_MODULES = YES;
				CLANG_ENABLE_OBJC_ARC = YES;
				CLANG_ENABLE_OBJC_WEAK = YES;
				CLANG_WARN_BLOCK_CAPTURE_AUTORELEASING = YES;
				CLANG_WARN_BOOL_CONVERSION = YES;
				CLANG_WARN_COMMA = YES;
				CLANG_WARN_CONSTANT_CONVERSION = YES;
				CLANG_WARN_DEPRECATED_OBJC_IMPLEMENTATIONS = YES;
				CLANG_WARN_DIRECT_OBJC_ISA_USAGE = YES_ERROR;
				CLANG_WARN_DOCUMENTATION_COMMENTS = YES;
				CLANG_WARN_EMPTY_BODY = YES;
				CLANG_WARN_ENUM_CONVERSION = YES;
				CLANG_WARN_INFINITE_RECURSION = YES;
				CLANG_WARN_INT_CONVERSION = YES;
				CLANG_WARN_NON_LITERAL_NULL_CONVERSION = YES;
				CLANG_WARN_OBJC_IMPLICIT_RETAIN_SELF = YES;
				CLANG_WARN_OBJC_LITERAL_CONVERSION = YES;
				CLANG_WARN_OBJC_ROOT_CLASS = YES_ERROR;
				CLANG_WARN_QUOTED_INCLUDE_IN_FRAMEWORK_HEADER = YES;
				CLANG_WARN_RANGE_LOOP_ANALYSIS = YES;
				CLANG_WARN_STRICT_PROTOTYPES = YES;
				CLANG_WARN_SUSPICIOUS_MOVE = YES;
				CLANG_WARN_UNGUARDED_AVAILABILITY = YES_AGGRESSIVE;
				CLANG_WARN_UNREACHABLE_CODE = YES;
				CLANG_WARN__DUPLICATE_METHOD_MATCH = YES;
				COPY_PHASE_STRIP = NO;
				DEBUG_INFORMATION_FORMAT = dwarf;
				ENABLE_STRICT_OBJC_MSGSEND = YES;
				ENABLE_TESTABILITY = YES;
				ENABLE_USER_SCRIPT_SANDBOXING = YES;
				GCC_C_LANGUAGE_STANDARD = gnu17;
				GCC_DYNAMIC_NO_PIC = NO;
				GCC_NO_COMMON_BLOCKS = YES;
				GCC_OPTIMIZATION_LEVEL = 0;
				GCC_PREPROCESSOR_DEFINITIONS = (
					"DEBUG=1",
					"$(inherited)",
				);
				GCC_WARN_64_TO_32_BIT_CONVERSION = YES;
				GCC_WARN_ABOUT_RETURN_TYPE = YES_ERROR;
				GCC_WARN_UNDECLARED_SELECTOR = YES;
				GCC_WARN_UNINITIALIZED_AUTOS = YES_AGGRESSIVE;
				GCC_WARN_UNUSED_FUNCTION = YES;
				GCC_WARN_UNUSED_VARIABLE = YES;
				LOCALIZATION_PREFERS_STRING_CATALOGS = YES;
				MTL_ENABLE_DEBUG_INFO = INCLUDE_SOURCE;
				MTL_FAST_MATH = YES;
				ONLY_ACTIVE_ARCH = YES;
				SWIFT_ACTIVE_COMPILATION_CONDITIONS = "DEBUG $(inherited)";
				SWIFT_OPTIMIZATION_LEVEL = "-Onone";
			};
			name = Debug;
		};
		734BE1BC2CAC6868000A14C1 /* Release */ = {
			isa = XCBuildConfiguration;
			buildSettings = {
				ALWAYS_SEARCH_USER_PATHS = NO;
				ASSETCATALOG_COMPILER_GENERATE_SWIFT_ASSET_SYMBOL_EXTENSIONS = YES;
				CLANG_ANALYZER_NONNULL = YES;
				CLANG_ANALYZER_NUMBER_OBJECT_CONVERSION = YES_AGGRESSIVE;
				CLANG_CXX_LANGUAGE_STANDARD = "gnu++20";
				CLANG_ENABLE_MODULES = YES;
				CLANG_ENABLE_OBJC_ARC = YES;
				CLANG_ENABLE_OBJC_WEAK = YES;
				CLANG_WARN_BLOCK_CAPTURE_AUTORELEASING = YES;
				CLANG_WARN_BOOL_CONVERSION = YES;
				CLANG_WARN_COMMA = YES;
				CLANG_WARN_CONSTANT_CONVERSION = YES;
				CLANG_WARN_DEPRECATED_OBJC_IMPLEMENTATIONS = YES;
				CLANG_WARN_DIRECT_OBJC_ISA_USAGE = YES_ERROR;
				CLANG_WARN_DOCUMENTATION_COMMENTS = YES;
				CLANG_WARN_EMPTY_BODY = YES;
				CLANG_WARN_ENUM_CONVERSION = YES;
				CLANG_WARN_INFINITE_RECURSION = YES;
				CLANG_WARN_INT_CONVERSION = YES;
				CLANG_WARN_NON_LITERAL_NULL_CONVERSION = YES;
				CLANG_WARN_OBJC_IMPLICIT_RETAIN_SELF = YES;
				CLANG_WARN_OBJC_LITERAL_CONVERSION = YES;
				CLANG_WARN_OBJC_ROOT_CLASS = YES_ERROR;
				CLANG_WARN_QUOTED_INCLUDE_IN_FRAMEWORK_HEADER = YES;
				CLANG_WARN_RANGE_LOOP_ANALYSIS = YES;
				CLANG_WARN_STRICT_PROTOTYPES = YES;
				CLANG_WARN_SUSPICIOUS_MOVE = YES;
				CLANG_WARN_UNGUARDED_AVAILABILITY = YES_AGGRESSIVE;
				CLANG_WARN_UNREACHABLE_CODE = YES;
				CLANG_WARN__DUPLICATE_METHOD_MATCH = YES;
				COPY_PHASE_STRIP = NO;
				DEBUG_INFORMATION_FORMAT = "dwarf-with-dsym";
				ENABLE_NS_ASSERTIONS = NO;
				ENABLE_STRICT_OBJC_MSGSEND = YES;
				ENABLE_USER_SCRIPT_SANDBOXING = YES;
				GCC_C_LANGUAGE_STANDARD = gnu17;
				GCC_NO_COMMON_BLOCKS = YES;
				GCC_WARN_64_TO_32_BIT_CONVERSION = YES;
				GCC_WARN_ABOUT_RETURN_TYPE = YES_ERROR;
				GCC_WARN_UNDECLARED_SELECTOR = YES;
				GCC_WARN_UNINITIALIZED_AUTOS = YES_AGGRESSIVE;
				GCC_WARN_UNUSED_FUNCTION = YES;
				GCC_WARN_UNUSED_VARIABLE = YES;
				LOCALIZATION_PREFERS_STRING_CATALOGS = YES;
				MTL_ENABLE_DEBUG_INFO = NO;
				MTL_FAST_MATH = YES;
				SWIFT_COMPILATION_MODE = wholemodule;
			};
			name = Release;
		};
		734BE1BE2CAC6868000A14C1 /* Debug */ = {
			isa = XCBuildConfiguration;
			buildSettings = {
				ASSETCATALOG_COMPILER_APPICON_NAME = AppIcon;
				ASSETCATALOG_COMPILER_GLOBAL_ACCENT_COLOR_NAME = AccentColor;
				CODE_SIGN_ENTITLEMENTS = RecipeViewer/RecipeViewer.entitlements;
				CODE_SIGN_STYLE = Automatic;
				CURRENT_PROJECT_VERSION = 1;
				ENABLE_PREVIEWS = YES;
				GENERATE_INFOPLIST_FILE = YES;
				"INFOPLIST_KEY_UIApplicationSceneManifest_Generation[sdk=iphoneos*]" = YES;
				"INFOPLIST_KEY_UIApplicationSceneManifest_Generation[sdk=iphonesimulator*]" = YES;
				"INFOPLIST_KEY_UIApplicationSupportsIndirectInputEvents[sdk=iphoneos*]" = YES;
				"INFOPLIST_KEY_UIApplicationSupportsIndirectInputEvents[sdk=iphonesimulator*]" = YES;
				"INFOPLIST_KEY_UILaunchScreen_Generation[sdk=iphoneos*]" = YES;
				"INFOPLIST_KEY_UILaunchScreen_Generation[sdk=iphonesimulator*]" = YES;
				"INFOPLIST_KEY_UIStatusBarStyle[sdk=iphoneos*]" = UIStatusBarStyleDefault;
				"INFOPLIST_KEY_UIStatusBarStyle[sdk=iphonesimulator*]" = UIStatusBarStyleDefault;
				INFOPLIST_KEY_UISupportedInterfaceOrientations_iPad = "UIInterfaceOrientationPortrait UIInterfaceOrientationPortraitUpsideDown UIInterfaceOrientationLandscapeLeft UIInterfaceOrientationLandscapeRight";
				INFOPLIST_KEY_UISupportedInterfaceOrientations_iPhone = "UIInterfaceOrientationPortrait UIInterfaceOrientationLandscapeLeft UIInterfaceOrientationLandscapeRight";
				IPHONEOS_DEPLOYMENT_TARGET = 18.0;
				LD_RUNPATH_SEARCH_PATHS = "@executable_path/Frameworks";
				"LD_RUNPATH_SEARCH_PATHS[sdk=macosx*]" = "@executable_path/../Frameworks";
				MACOSX_DEPLOYMENT_TARGET = 15.0;
				MARKETING_VERSION = 1.0;
				PRODUCT_BUNDLE_IDENTIFIER = com.smartapps.RecipeViewer;
				PRODUCT_NAME = "$(TARGET_NAME)";
				SDKROOT = auto;
				SUPPORTED_PLATFORMS = "iphoneos iphonesimulator";
				SUPPORTS_MACCATALYST = NO;
				SWIFT_EMIT_LOC_STRINGS = YES;
				SWIFT_VERSION = 5.0;
				TARGETED_DEVICE_FAMILY = "1,2";
				XROS_DEPLOYMENT_TARGET = 2.0;
			};
			name = Debug;
		};
		734BE1BF2CAC6868000A14C1 /* Release */ = {
			isa = XCBuildConfiguration;
			buildSettings = {
				ASSETCATALOG_COMPILER_APPICON_NAME = AppIcon;
				ASSETCATALOG_COMPILER_GLOBAL_ACCENT_COLOR_NAME = AccentColor;
				CODE_SIGN_ENTITLEMENTS = RecipeViewer/RecipeViewer.entitlements;
				CODE_SIGN_STYLE = Automatic;
				CURRENT_PROJECT_VERSION = 1;
				ENABLE_PREVIEWS = YES;
				GENERATE_INFOPLIST_FILE = YES;
				"INFOPLIST_KEY_UIApplicationSceneManifest_Generation[sdk=iphoneos*]" = YES;
				"INFOPLIST_KEY_UIApplicationSceneManifest_Generation[sdk=iphonesimulator*]" = YES;
				"INFOPLIST_KEY_UIApplicationSupportsIndirectInputEvents[sdk=iphoneos*]" = YES;
				"INFOPLIST_KEY_UIApplicationSupportsIndirectInputEvents[sdk=iphonesimulator*]" = YES;
				"INFOPLIST_KEY_UILaunchScreen_Generation[sdk=iphoneos*]" = YES;
				"INFOPLIST_KEY_UILaunchScreen_Generation[sdk=iphonesimulator*]" = YES;
				"INFOPLIST_KEY_UIStatusBarStyle[sdk=iphoneos*]" = UIStatusBarStyleDefault;
				"INFOPLIST_KEY_UIStatusBarStyle[sdk=iphonesimulator*]" = UIStatusBarStyleDefault;
				INFOPLIST_KEY_UISupportedInterfaceOrientations_iPad = "UIInterfaceOrientationPortrait UIInterfaceOrientationPortraitUpsideDown UIInterfaceOrientationLandscapeLeft UIInterfaceOrientationLandscapeRight";
				INFOPLIST_KEY_UISupportedInterfaceOrientations_iPhone = "UIInterfaceOrientationPortrait UIInterfaceOrientationLandscapeLeft UIInterfaceOrientationLandscapeRight";
				IPHONEOS_DEPLOYMENT_TARGET = 18.0;
				LD_RUNPATH_SEARCH_PATHS = "@executable_path/Frameworks";
				"LD_RUNPATH_SEARCH_PATHS[sdk=macosx*]" = "@executable_path/../Frameworks";
				MACOSX_DEPLOYMENT_TARGET = 15.0;
				MARKETING_VERSION = 1.0;
				PRODUCT_BUNDLE_IDENTIFIER = com.smartapps.RecipeViewer;
				PRODUCT_NAME = "$(TARGET_NAME)";
				SDKROOT = auto;
				SUPPORTED_PLATFORMS = "iphoneos iphonesimulator";
				SUPPORTS_MACCATALYST = NO;
				SWIFT_EMIT_LOC_STRINGS = YES;
				SWIFT_VERSION = 5.0;
				TARGETED_DEVICE_FAMILY = "1,2";
				XROS_DEPLOYMENT_TARGET = 2.0;
			};
			name = Release;
		};
		734BE1C12CAC6868000A14C1 /* Debug */ = {
			isa = XCBuildConfiguration;
			buildSettings = {
				BUNDLE_LOADER = "$(TEST_HOST)";
				CODE_SIGN_STYLE = Automatic;
				CURRENT_PROJECT_VERSION = 1;
				GENERATE_INFOPLIST_FILE = YES;
				IPHONEOS_DEPLOYMENT_TARGET = 18.0;
				MACOSX_DEPLOYMENT_TARGET = 15.0;
				MARKETING_VERSION = 1.0;
				PRODUCT_BUNDLE_IDENTIFIER = com.smartapps.RecipeViewerTests;
				PRODUCT_NAME = "$(TARGET_NAME)";
				SDKROOT = auto;
				SUPPORTED_PLATFORMS = "iphoneos iphonesimulator macosx xros xrsimulator";
				SWIFT_EMIT_LOC_STRINGS = NO;
				SWIFT_VERSION = 5.0;
				TARGETED_DEVICE_FAMILY = "1,2,7";
				TEST_HOST = "$(BUILT_PRODUCTS_DIR)/RecipeViewer.app/$(BUNDLE_EXECUTABLE_FOLDER_PATH)/RecipeViewer";
				XROS_DEPLOYMENT_TARGET = 2.0;
			};
			name = Debug;
		};
		734BE1C22CAC6868000A14C1 /* Release */ = {
			isa = XCBuildConfiguration;
			buildSettings = {
				BUNDLE_LOADER = "$(TEST_HOST)";
				CODE_SIGN_STYLE = Automatic;
				CURRENT_PROJECT_VERSION = 1;
				GENERATE_INFOPLIST_FILE = YES;
				IPHONEOS_DEPLOYMENT_TARGET = 18.0;
				MACOSX_DEPLOYMENT_TARGET = 15.0;
				MARKETING_VERSION = 1.0;
				PRODUCT_BUNDLE_IDENTIFIER = com.smartapps.RecipeViewerTests;
				PRODUCT_NAME = "$(TARGET_NAME)";
				SDKROOT = auto;
				SUPPORTED_PLATFORMS = "iphoneos iphonesimulator macosx xros xrsimulator";
				SWIFT_EMIT_LOC_STRINGS = NO;
				SWIFT_VERSION = 5.0;
				TARGETED_DEVICE_FAMILY = "1,2,7";
				TEST_HOST = "$(BUILT_PRODUCTS_DIR)/RecipeViewer.app/$(BUNDLE_EXECUTABLE_FOLDER_PATH)/RecipeViewer";
				XROS_DEPLOYMENT_TARGET = 2.0;
			};
			name = Release;
		};
		734BE1C42CAC6868000A14C1 /* Debug */ = {
			isa = XCBuildConfiguration;
			buildSettings = {
				CODE_SIGN_STYLE = Automatic;
				CURRENT_PROJECT_VERSION = 1;
				GENERATE_INFOPLIST_FILE = YES;
				IPHONEOS_DEPLOYMENT_TARGET = 18.0;
				MACOSX_DEPLOYMENT_TARGET = 15.0;
				MARKETING_VERSION = 1.0;
				PRODUCT_BUNDLE_IDENTIFIER = com.smartapps.RecipeViewerUITests;
				PRODUCT_NAME = "$(TARGET_NAME)";
				SDKROOT = auto;
				SUPPORTED_PLATFORMS = "iphoneos iphonesimulator macosx xros xrsimulator";
				SWIFT_EMIT_LOC_STRINGS = NO;
				SWIFT_VERSION = 5.0;
				TARGETED_DEVICE_FAMILY = "1,2,7";
				TEST_TARGET_NAME = RecipeViewer;
				XROS_DEPLOYMENT_TARGET = 2.0;
			};
			name = Debug;
		};
		734BE1C52CAC6868000A14C1 /* Release */ = {
			isa = XCBuildConfiguration;
			buildSettings = {
				CODE_SIGN_STYLE = Automatic;
				CURRENT_PROJECT_VERSION = 1;
				GENERATE_INFOPLIST_FILE = YES;
				IPHONEOS_DEPLOYMENT_TARGET = 18.0;
				MACOSX_DEPLOYMENT_TARGET = 15.0;
				MARKETING_VERSION = 1.0;
				PRODUCT_BUNDLE_IDENTIFIER = com.smartapps.RecipeViewerUITests;
				PRODUCT_NAME = "$(TARGET_NAME)";
				SDKROOT = auto;
				SUPPORTED_PLATFORMS = "iphoneos iphonesimulator macosx xros xrsimulator";
				SWIFT_EMIT_LOC_STRINGS = NO;
				SWIFT_VERSION = 5.0;
				TARGETED_DEVICE_FAMILY = "1,2,7";
				TEST_TARGET_NAME = RecipeViewer;
				XROS_DEPLOYMENT_TARGET = 2.0;
			};
			name = Release;
		};
/* End XCBuildConfiguration section */

/* Begin XCConfigurationList section */
		734BE1932CAC6865000A14C1 /* Build configuration list for PBXProject "RecipeViewer" */ = {
			isa = XCConfigurationList;
			buildConfigurations = (
				734BE1BB2CAC6868000A14C1 /* Debug */,
				734BE1BC2CAC6868000A14C1 /* Release */,
			);
			defaultConfigurationIsVisible = 0;
			defaultConfigurationName = Release;
		};
		734BE1BD2CAC6868000A14C1 /* Build configuration list for PBXNativeTarget "RecipeViewer" */ = {
			isa = XCConfigurationList;
			buildConfigurations = (
				734BE1BE2CAC6868000A14C1 /* Debug */,
				734BE1BF2CAC6868000A14C1 /* Release */,
			);
			defaultConfigurationIsVisible = 0;
			defaultConfigurationName = Release;
		};
		734BE1C02CAC6868000A14C1 /* Build configuration list for PBXNativeTarget "RecipeViewerTests" */ = {
			isa = XCConfigurationList;
			buildConfigurations = (
				734BE1C12CAC6868000A14C1 /* Debug */,
				734BE1C22CAC6868000A14C1 /* Release */,
			);
			defaultConfigurationIsVisible = 0;
			defaultConfigurationName = Release;
		};
		734BE1C32CAC6868000A14C1 /* Build configuration list for PBXNativeTarget "RecipeViewerUITests" */ = {
			isa = XCConfigurationList;
			buildConfigurations = (
				734BE1C42CAC6868000A14C1 /* Debug */,
				734BE1C52CAC6868000A14C1 /* Release */,
			);
			defaultConfigurationIsVisible = 0;
			defaultConfigurationName = Release;
		};
/* End XCConfigurationList section */

/* Begin XCRemoteSwiftPackageReference section */
		734BE1EE2CAC7890000A14C1 /* XCRemoteSwiftPackageReference "Factory" */ = {
			isa = XCRemoteSwiftPackageReference;
			repositoryURL = "https://github.com/hmlongco/Factory";
			requirement = {
				kind = upToNextMajorVersion;
				minimumVersion = 2.3.2;
			};
		};
/* End XCRemoteSwiftPackageReference section */

/* Begin XCSwiftPackageProductDependency section */
		734BE1E72CAC729D000A14C1 /* Networking */ = {
			isa = XCSwiftPackageProductDependency;
			productName = Networking;
		};
		734BE1EF2CAC7890000A14C1 /* Factory */ = {
			isa = XCSwiftPackageProductDependency;
			package = 734BE1EE2CAC7890000A14C1 /* XCRemoteSwiftPackageReference "Factory" */;
			productName = Factory;
		};
/* End XCSwiftPackageProductDependency section */
	};
	rootObject = 734BE1902CAC6865000A14C1 /* Project object */;
}
